
Microsoft Visual Studio Solution File, Format Version 12.00
# Visual Studio Version 17
VisualStudioVersion = 17.8.34330.188
MinimumVisualStudioVersion = 10.0.40219.1
Project("{FAE04EC0-301F-11D3-BF4B-00C04F79EFBC}") = "Custom-Identity", "Custom-Identity.csproj", "{F34BCAED-13AF-4AA8-B385-9D3448B194D7}"
EndProject
Global
	GlobalSection(SolutionConfigurationPlatforms) = preSolution
		Debug|Any CPU = Debug|Any CPU
		Release|Any CPU = Release|Any CPU
	EndGlobalSection
	GlobalSection(ProjectConfigurationPlatforms) = postSolution
		{F34BCAED-13AF-4AA8-B385-9D3448B194D7}.Debug|Any CPU.ActiveCfg = Debug|Any CPU
		{F34BCAED-13AF-4AA8-B385-9D3448B194D7}.Debug|Any CPU.Build.0 = Debug|Any CPU
		{F34BCAED-13AF-4AA8-B385-9D3448B194D7}.Release|Any CPU.ActiveCfg = Release|Any CPU
		{F34BCAED-13AF-4AA8-B385-9D3448B194D7}.Release|Any CPU.Build.0 = Release|Any CPU
	EndGlobalSection
	GlobalSection(SolutionProperties) = preSolution
		HideSolutionNode = FALSE
	EndGlobalSection
	GlobalSection(ExtensibilityGlobals) = postSolution
		SolutionGuid = {AE07FB7A-BA5F-4E36-9369-03AC18921007}
	EndGlobalSection
EndGlobal
